
Microsoft Visual Studio Solution File, Format Version 12.00
# Visual Studio Version 16
VisualStudioVersion = 16.0.810.12
MinimumVisualStudioVersion = 10.0.40219.1
Project("{FAE04EC0-301F-11D3-BF4B-00C04F79EFBC}") = "ProjPermManage", "ProjPermManage\ProjPermManage.csproj", "{6B156C3F-058C-4A8B-A21A-FEC4D9A53D72}"
EndProject
Global
	GlobalSection(SolutionConfigurationPlatforms) = preSolution
		Debug|Any CPU = Debug|Any CPU
		Release|Any CPU = Release|Any CPU
	EndGlobalSection
	GlobalSection(ProjectConfigurationPlatforms) = postSolution
		{6B156C3F-058C-4A8B-A21A-FEC4D9A53D72}.Debug|Any CPU.ActiveCfg = Debug|Any CPU
		{6B156C3F-058C-4A8B-A21A-FEC4D9A53D72}.Debug|Any CPU.Build.0 = Debug|Any CPU
		{6B156C3F-058C-4A8B-A21A-FEC4D9A53D72}.Release|Any CPU.ActiveCfg = Release|Any CPU
		{6B156C3F-058C-4A8B-A21A-FEC4D9A53D72}.Release|Any CPU.Build.0 = Release|Any CPU
	EndGlobalSection
	GlobalSection(SolutionProperties) = preSolution
		HideSolutionNode = FALSE
	EndGlobalSection
	GlobalSection(ExtensibilityGlobals) = postSolution
		SolutionGuid = {8A39FEB2-CC8C-40A6-9DCF-842379FF67FA}
	EndGlobalSection
EndGlobal
